
Microsoft Visual Studio Solution File, Format Version 12.00
# Visual Studio 15
VisualStudioVersion = 15.0.28307.136
MinimumVisualStudioVersion = 10.0.40219.1
Project("{9A19103F-16F7-4668-BE54-9A1E7A4F7556}") = "firm", "firm.csproj", "{0E9222E4-116B-4593-AC54-38CB4E2C9AEC}"
EndProject
Global
	GlobalSection(SolutionConfigurationPlatforms) = preSolution
		Debug|Any CPU = Debug|Any CPU
		Release|Any CPU = Release|Any CPU
	EndGlobalSection
	GlobalSection(ProjectConfigurationPlatforms) = postSolution
		{0E9222E4-116B-4593-AC54-38CB4E2C9AEC}.Debug|Any CPU.ActiveCfg = Debug|Any CPU
		{0E9222E4-116B-4593-AC54-38CB4E2C9AEC}.Debug|Any CPU.Build.0 = Debug|Any CPU
		{0E9222E4-116B-4593-AC54-38CB4E2C9AEC}.Release|Any CPU.ActiveCfg = Release|Any CPU
		{0E9222E4-116B-4593-AC54-38CB4E2C9AEC}.Release|Any CPU.Build.0 = Release|Any CPU
	EndGlobalSection
	GlobalSection(SolutionProperties) = preSolution
		HideSolutionNode = FALSE
	EndGlobalSection
	GlobalSection(ExtensibilityGlobals) = postSolution
		SolutionGuid = {11AEC264-6F6C-4FBE-99AC-71F5A3FDE11D}
	EndGlobalSection
EndGlobal
