
Microsoft Visual Studio Solution File, Format Version 12.00
# Visual Studio 15
VisualStudioVersion = 15.0.28307.136
MinimumVisualStudioVersion = 10.0.40219.1
Project("{FAE04EC0-301F-11D3-BF4B-00C04F79EFBC}") = "Ticket_Price", "Ticket_Price\Ticket_Price.csproj", "{780D2A74-7376-46AE-969D-A937BAB90633}"
EndProject
Global
	GlobalSection(SolutionConfigurationPlatforms) = preSolution
		Debug|Any CPU = Debug|Any CPU
		Release|Any CPU = Release|Any CPU
	EndGlobalSection
	GlobalSection(ProjectConfigurationPlatforms) = postSolution
		{780D2A74-7376-46AE-969D-A937BAB90633}.Debug|Any CPU.ActiveCfg = Debug|Any CPU
		{780D2A74-7376-46AE-969D-A937BAB90633}.Debug|Any CPU.Build.0 = Debug|Any CPU
		{780D2A74-7376-46AE-969D-A937BAB90633}.Release|Any CPU.ActiveCfg = Release|Any CPU
		{780D2A74-7376-46AE-969D-A937BAB90633}.Release|Any CPU.Build.0 = Release|Any CPU
	EndGlobalSection
	GlobalSection(SolutionProperties) = preSolution
		HideSolutionNode = FALSE
	EndGlobalSection
	GlobalSection(ExtensibilityGlobals) = postSolution
		SolutionGuid = {2C068375-2A27-4B23-A75B-5F5C3CFB8506}
	EndGlobalSection
EndGlobal
