
Microsoft Visual Studio Solution File, Format Version 12.00
# Visual Studio 15
VisualStudioVersion = 15.0.28307.438
MinimumVisualStudioVersion = 10.0.40219.1
Project("{9A19103F-16F7-4668-BE54-9A1E7A4F7556}") = "ProductsRegister", "ItemRegister\ProductsRegister.csproj", "{F4C4A54C-7564-4209-96D0-7A5ED2CF6F18}"
EndProject
Global
	GlobalSection(SolutionConfigurationPlatforms) = preSolution
		Debug|Any CPU = Debug|Any CPU
		Release|Any CPU = Release|Any CPU
	EndGlobalSection
	GlobalSection(ProjectConfigurationPlatforms) = postSolution
		{F4C4A54C-7564-4209-96D0-7A5ED2CF6F18}.Debug|Any CPU.ActiveCfg = Debug|Any CPU
		{F4C4A54C-7564-4209-96D0-7A5ED2CF6F18}.Debug|Any CPU.Build.0 = Debug|Any CPU
		{F4C4A54C-7564-4209-96D0-7A5ED2CF6F18}.Release|Any CPU.ActiveCfg = Release|Any CPU
		{F4C4A54C-7564-4209-96D0-7A5ED2CF6F18}.Release|Any CPU.Build.0 = Release|Any CPU
	EndGlobalSection
	GlobalSection(SolutionProperties) = preSolution
		HideSolutionNode = FALSE
	EndGlobalSection
	GlobalSection(ExtensibilityGlobals) = postSolution
		SolutionGuid = {4C81CA76-E753-4210-BBFD-487D2FC977F1}
	EndGlobalSection
EndGlobal
